
Microsoft Visual Studio Solution File, Format Version 12.00
# Visual Studio 14
VisualStudioVersion = 14.0.25420.1
MinimumVisualStudioVersion = 10.0.40219.1
Project("{FAE04EC0-301F-11D3-BF4B-00C04F79EFBC}") = "Timers", "Timers\Timers.csproj", "{B50DCE3A-D1FA-44C1-98B2-5E310CCD9E15}"
EndProject
Project("{2150E333-8FDC-42A3-9474-1A3956D46DE8}") = "Tests", "Tests", "{F8989DC4-87F6-48FD-BD6A-FE4D67A5202D}"
EndProject
Project("{FAE04EC0-301F-11D3-BF4B-00C04F79EFBC}") = "Looping", "Looping\Looping.csproj", "{98BE0E22-41F8-4C6A-95E3-066DD02385ED}"
EndProject
Project("{FAE04EC0-301F-11D3-BF4B-00C04F79EFBC}") = "Operators", "Operators\Operators.csproj", "{817D77AC-791E-47A5-B320-CDD28D8CCCDB}"
EndProject
Project("{FAE04EC0-301F-11D3-BF4B-00C04F79EFBC}") = "Arrays", "Arrays\Arrays.csproj", "{8E5D8C5D-1129-4942-B5BC-A1831145D2CE}"
EndProject
Project("{FAE04EC0-301F-11D3-BF4B-00C04F79EFBC}") = "Delegates", "Delegates\Delegates.csproj", "{FB5B8A76-8C29-415C-9BE5-25800EC0EF39}"
EndProject
Project("{FAE04EC0-301F-11D3-BF4B-00C04F79EFBC}") = "Threading_Timers", "Threading.Timers\Threading_Timers.csproj", "{9F95DC00-9B3F-40BC-B373-AB45ECE38F97}"
EndProject
Project("{FAE04EC0-301F-11D3-BF4B-00C04F79EFBC}") = "DateAndTime", "DateAndTime\DateAndTime.csproj", "{CEACD415-08F6-46D8-B0C6-4A3D0E313D51}"
EndProject
Project("{FAE04EC0-301F-11D3-BF4B-00C04F79EFBC}") = "EventsAndDelegates", "EventsAndDelegates\EventsAndDelegates.csproj", "{A06E5E0D-09CD-49CF-A1D1-8E7649799A08}"
EndProject
Project("{FAE04EC0-301F-11D3-BF4B-00C04F79EFBC}") = "Types", "Types\Types.csproj", "{E3837785-B2DF-4EBF-99A5-E52DC220628B}"
EndProject
Project("{FAE04EC0-301F-11D3-BF4B-00C04F79EFBC}") = "Strings", "Strings\Strings.csproj", "{ED67CD6F-CF3D-4C25-979C-A29A327CA920}"
Project("{FAE04EC0-301F-11D3-BF4B-00C04F79EFBC}") = "Generics", "Generics\Generics.csproj", "{DD061EAD-519D-4A8D-A220-A85F935802D7}"
EndProject
Global
	GlobalSection(SolutionConfigurationPlatforms) = preSolution
		Debug|Any CPU = Debug|Any CPU
		Release|Any CPU = Release|Any CPU
	EndGlobalSection
	GlobalSection(ProjectConfigurationPlatforms) = postSolution
		{B50DCE3A-D1FA-44C1-98B2-5E310CCD9E15}.Debug|Any CPU.ActiveCfg = Debug|Any CPU
		{B50DCE3A-D1FA-44C1-98B2-5E310CCD9E15}.Debug|Any CPU.Build.0 = Debug|Any CPU
		{B50DCE3A-D1FA-44C1-98B2-5E310CCD9E15}.Release|Any CPU.ActiveCfg = Release|Any CPU
		{B50DCE3A-D1FA-44C1-98B2-5E310CCD9E15}.Release|Any CPU.Build.0 = Release|Any CPU
		{98BE0E22-41F8-4C6A-95E3-066DD02385ED}.Debug|Any CPU.ActiveCfg = Debug|Any CPU
		{98BE0E22-41F8-4C6A-95E3-066DD02385ED}.Debug|Any CPU.Build.0 = Debug|Any CPU
		{98BE0E22-41F8-4C6A-95E3-066DD02385ED}.Release|Any CPU.ActiveCfg = Release|Any CPU
		{98BE0E22-41F8-4C6A-95E3-066DD02385ED}.Release|Any CPU.Build.0 = Release|Any CPU
		{817D77AC-791E-47A5-B320-CDD28D8CCCDB}.Debug|Any CPU.ActiveCfg = Debug|Any CPU
		{817D77AC-791E-47A5-B320-CDD28D8CCCDB}.Debug|Any CPU.Build.0 = Debug|Any CPU
		{817D77AC-791E-47A5-B320-CDD28D8CCCDB}.Release|Any CPU.ActiveCfg = Release|Any CPU
		{817D77AC-791E-47A5-B320-CDD28D8CCCDB}.Release|Any CPU.Build.0 = Release|Any CPU
		{8E5D8C5D-1129-4942-B5BC-A1831145D2CE}.Debug|Any CPU.ActiveCfg = Debug|Any CPU
		{8E5D8C5D-1129-4942-B5BC-A1831145D2CE}.Debug|Any CPU.Build.0 = Debug|Any CPU
		{8E5D8C5D-1129-4942-B5BC-A1831145D2CE}.Release|Any CPU.ActiveCfg = Release|Any CPU
		{8E5D8C5D-1129-4942-B5BC-A1831145D2CE}.Release|Any CPU.Build.0 = Release|Any CPU
		{FB5B8A76-8C29-415C-9BE5-25800EC0EF39}.Debug|Any CPU.ActiveCfg = Debug|Any CPU
		{FB5B8A76-8C29-415C-9BE5-25800EC0EF39}.Debug|Any CPU.Build.0 = Debug|Any CPU
		{FB5B8A76-8C29-415C-9BE5-25800EC0EF39}.Release|Any CPU.ActiveCfg = Release|Any CPU
		{FB5B8A76-8C29-415C-9BE5-25800EC0EF39}.Release|Any CPU.Build.0 = Release|Any CPU
		{9F95DC00-9B3F-40BC-B373-AB45ECE38F97}.Debug|Any CPU.ActiveCfg = Debug|Any CPU
		{9F95DC00-9B3F-40BC-B373-AB45ECE38F97}.Debug|Any CPU.Build.0 = Debug|Any CPU
		{9F95DC00-9B3F-40BC-B373-AB45ECE38F97}.Release|Any CPU.ActiveCfg = Release|Any CPU
		{9F95DC00-9B3F-40BC-B373-AB45ECE38F97}.Release|Any CPU.Build.0 = Release|Any CPU
		{CEACD415-08F6-46D8-B0C6-4A3D0E313D51}.Debug|Any CPU.ActiveCfg = Debug|Any CPU
		{CEACD415-08F6-46D8-B0C6-4A3D0E313D51}.Debug|Any CPU.Build.0 = Debug|Any CPU
		{CEACD415-08F6-46D8-B0C6-4A3D0E313D51}.Release|Any CPU.ActiveCfg = Release|Any CPU
		{CEACD415-08F6-46D8-B0C6-4A3D0E313D51}.Release|Any CPU.Build.0 = Release|Any CPU
		{A06E5E0D-09CD-49CF-A1D1-8E7649799A08}.Debug|Any CPU.ActiveCfg = Debug|Any CPU
		{A06E5E0D-09CD-49CF-A1D1-8E7649799A08}.Debug|Any CPU.Build.0 = Debug|Any CPU
		{A06E5E0D-09CD-49CF-A1D1-8E7649799A08}.Release|Any CPU.ActiveCfg = Release|Any CPU
		{A06E5E0D-09CD-49CF-A1D1-8E7649799A08}.Release|Any CPU.Build.0 = Release|Any CPU
		{E3837785-B2DF-4EBF-99A5-E52DC220628B}.Debug|Any CPU.ActiveCfg = Debug|Any CPU
		{E3837785-B2DF-4EBF-99A5-E52DC220628B}.Debug|Any CPU.Build.0 = Debug|Any CPU
		{E3837785-B2DF-4EBF-99A5-E52DC220628B}.Release|Any CPU.ActiveCfg = Release|Any CPU
		{E3837785-B2DF-4EBF-99A5-E52DC220628B}.Release|Any CPU.Build.0 = Release|Any CPU
		{ED67CD6F-CF3D-4C25-979C-A29A327CA920}.Debug|Any CPU.ActiveCfg = Debug|Any CPU
		{ED67CD6F-CF3D-4C25-979C-A29A327CA920}.Debug|Any CPU.Build.0 = Debug|Any CPU
		{ED67CD6F-CF3D-4C25-979C-A29A327CA920}.Release|Any CPU.ActiveCfg = Release|Any CPU
		{ED67CD6F-CF3D-4C25-979C-A29A327CA920}.Release|Any CPU.Build.0 = Release|Any CPU
		{DD061EAD-519D-4A8D-A220-A85F935802D7}.Debug|Any CPU.ActiveCfg = Debug|Any CPU
		{DD061EAD-519D-4A8D-A220-A85F935802D7}.Debug|Any CPU.Build.0 = Debug|Any CPU
		{DD061EAD-519D-4A8D-A220-A85F935802D7}.Release|Any CPU.ActiveCfg = Release|Any CPU
		{DD061EAD-519D-4A8D-A220-A85F935802D7}.Release|Any CPU.Build.0 = Release|Any CPU
	EndGlobalSection
	GlobalSection(SolutionProperties) = preSolution
		HideSolutionNode = FALSE
	EndGlobalSection
	GlobalSection(NestedProjects) = preSolution
		{B50DCE3A-D1FA-44C1-98B2-5E310CCD9E15} = {F8989DC4-87F6-48FD-BD6A-FE4D67A5202D}
		{98BE0E22-41F8-4C6A-95E3-066DD02385ED} = {F8989DC4-87F6-48FD-BD6A-FE4D67A5202D}
		{817D77AC-791E-47A5-B320-CDD28D8CCCDB} = {F8989DC4-87F6-48FD-BD6A-FE4D67A5202D}
		{8E5D8C5D-1129-4942-B5BC-A1831145D2CE} = {F8989DC4-87F6-48FD-BD6A-FE4D67A5202D}
		{FB5B8A76-8C29-415C-9BE5-25800EC0EF39} = {F8989DC4-87F6-48FD-BD6A-FE4D67A5202D}
		{E3837785-B2DF-4EBF-99A5-E52DC220628B} = {F8989DC4-87F6-48FD-BD6A-FE4D67A5202D}
	EndGlobalSection
EndGlobal
