
Microsoft Visual Studio Solution File, Format Version 12.00
# Visual Studio Version 16
VisualStudioVersion = 16.0.30225.117
MinimumVisualStudioVersion = 10.0.40219.1
Project("{8BC9CEB8-8B4A-11D0-8D11-00A0C91BC942}") = "Containers", "Containers\Containers.vcxproj", "{1CF7CEDC-005A-45BB-ABFF-493432E8EFAF}"
EndProject
Project("{8BC9CEB8-8B4A-11D0-8D11-00A0C91BC942}") = "Streams", "Streams\Streams.vcxproj", "{A22BA1BF-D807-4D4F-AE22-86E9DACBDEDE}"
EndProject
Project("{2150E333-8FDC-42A3-9474-1A3956D46DE8}") = "GTests", "GTests", "{51F1529C-BC45-4272-91E1-5146BA614533}"
EndProject
Project("{8BC9CEB8-8B4A-11D0-8D11-00A0C91BC942}") = "ContainerTests", "ContainerTests\ContainerTests.vcxproj", "{25653E6A-DDEE-40D8-9EAB-F21D59B7AB47}"
EndProject
Project("{8BC9CEB8-8B4A-11D0-8D11-00A0C91BC942}") = "AlgorithmsTests", "AlgorithmsTests\AlgorithmsTests.vcxproj", "{A9100E3C-D19A-4926-A1AB-734BC84DB4D1}"
EndProject
Project("{8BC9CEB8-8B4A-11D0-8D11-00A0C91BC942}") = "ExampleGTest", "ExampleGTest\ExampleGTest.vcxproj", "{4FF54461-D241-458E-83B4-AAF57448A186}"
EndProject
Global
	GlobalSection(SolutionConfigurationPlatforms) = preSolution
		Debug|Any CPU = Debug|Any CPU
		Debug|Mixed Platforms = Debug|Mixed Platforms
		Debug|Win32 = Debug|Win32
		Debug|x64 = Debug|x64
		Release|Any CPU = Release|Any CPU
		Release|Mixed Platforms = Release|Mixed Platforms
		Release|Win32 = Release|Win32
		Release|x64 = Release|x64
	EndGlobalSection
	GlobalSection(ProjectConfigurationPlatforms) = postSolution
		{1CF7CEDC-005A-45BB-ABFF-493432E8EFAF}.Debug|Any CPU.ActiveCfg = Debug|Win32
		{1CF7CEDC-005A-45BB-ABFF-493432E8EFAF}.Debug|Mixed Platforms.ActiveCfg = Debug|Win32
		{1CF7CEDC-005A-45BB-ABFF-493432E8EFAF}.Debug|Mixed Platforms.Build.0 = Debug|Win32
		{1CF7CEDC-005A-45BB-ABFF-493432E8EFAF}.Debug|Win32.ActiveCfg = Debug|Win32
		{1CF7CEDC-005A-45BB-ABFF-493432E8EFAF}.Debug|Win32.Build.0 = Debug|Win32
		{1CF7CEDC-005A-45BB-ABFF-493432E8EFAF}.Debug|x64.ActiveCfg = Debug|Win32
		{1CF7CEDC-005A-45BB-ABFF-493432E8EFAF}.Release|Any CPU.ActiveCfg = Release|Win32
		{1CF7CEDC-005A-45BB-ABFF-493432E8EFAF}.Release|Mixed Platforms.ActiveCfg = Release|Win32
		{1CF7CEDC-005A-45BB-ABFF-493432E8EFAF}.Release|Mixed Platforms.Build.0 = Release|Win32
		{1CF7CEDC-005A-45BB-ABFF-493432E8EFAF}.Release|Win32.ActiveCfg = Release|Win32
		{1CF7CEDC-005A-45BB-ABFF-493432E8EFAF}.Release|Win32.Build.0 = Release|Win32
		{1CF7CEDC-005A-45BB-ABFF-493432E8EFAF}.Release|x64.ActiveCfg = Release|Win32
		{A22BA1BF-D807-4D4F-AE22-86E9DACBDEDE}.Debug|Any CPU.ActiveCfg = Debug|Win32
		{A22BA1BF-D807-4D4F-AE22-86E9DACBDEDE}.Debug|Mixed Platforms.ActiveCfg = Debug|Win32
		{A22BA1BF-D807-4D4F-AE22-86E9DACBDEDE}.Debug|Mixed Platforms.Build.0 = Debug|Win32
		{A22BA1BF-D807-4D4F-AE22-86E9DACBDEDE}.Debug|Win32.ActiveCfg = Debug|Win32
		{A22BA1BF-D807-4D4F-AE22-86E9DACBDEDE}.Debug|Win32.Build.0 = Debug|Win32
		{A22BA1BF-D807-4D4F-AE22-86E9DACBDEDE}.Debug|x64.ActiveCfg = Debug|x64
		{A22BA1BF-D807-4D4F-AE22-86E9DACBDEDE}.Debug|x64.Build.0 = Debug|x64
		{A22BA1BF-D807-4D4F-AE22-86E9DACBDEDE}.Release|Any CPU.ActiveCfg = Release|Win32
		{A22BA1BF-D807-4D4F-AE22-86E9DACBDEDE}.Release|Mixed Platforms.ActiveCfg = Release|Win32
		{A22BA1BF-D807-4D4F-AE22-86E9DACBDEDE}.Release|Mixed Platforms.Build.0 = Release|Win32
		{A22BA1BF-D807-4D4F-AE22-86E9DACBDEDE}.Release|Win32.ActiveCfg = Release|Win32
		{A22BA1BF-D807-4D4F-AE22-86E9DACBDEDE}.Release|Win32.Build.0 = Release|Win32
		{A22BA1BF-D807-4D4F-AE22-86E9DACBDEDE}.Release|x64.ActiveCfg = Release|x64
		{A22BA1BF-D807-4D4F-AE22-86E9DACBDEDE}.Release|x64.Build.0 = Release|x64
		{25653E6A-DDEE-40D8-9EAB-F21D59B7AB47}.Debug|Any CPU.ActiveCfg = Debug|Win32
		{25653E6A-DDEE-40D8-9EAB-F21D59B7AB47}.Debug|Mixed Platforms.ActiveCfg = Debug|Win32
		{25653E6A-DDEE-40D8-9EAB-F21D59B7AB47}.Debug|Mixed Platforms.Build.0 = Debug|Win32
		{25653E6A-DDEE-40D8-9EAB-F21D59B7AB47}.Debug|Win32.ActiveCfg = Debug|Win32
		{25653E6A-DDEE-40D8-9EAB-F21D59B7AB47}.Debug|Win32.Build.0 = Debug|Win32
		{25653E6A-DDEE-40D8-9EAB-F21D59B7AB47}.Debug|x64.ActiveCfg = Debug|x64
		{25653E6A-DDEE-40D8-9EAB-F21D59B7AB47}.Debug|x64.Build.0 = Debug|x64
		{25653E6A-DDEE-40D8-9EAB-F21D59B7AB47}.Release|Any CPU.ActiveCfg = Release|Win32
		{25653E6A-DDEE-40D8-9EAB-F21D59B7AB47}.Release|Mixed Platforms.ActiveCfg = Release|Win32
		{25653E6A-DDEE-40D8-9EAB-F21D59B7AB47}.Release|Mixed Platforms.Build.0 = Release|Win32
		{25653E6A-DDEE-40D8-9EAB-F21D59B7AB47}.Release|Win32.ActiveCfg = Release|Win32
		{25653E6A-DDEE-40D8-9EAB-F21D59B7AB47}.Release|Win32.Build.0 = Release|Win32
		{25653E6A-DDEE-40D8-9EAB-F21D59B7AB47}.Release|x64.ActiveCfg = Release|x64
		{25653E6A-DDEE-40D8-9EAB-F21D59B7AB47}.Release|x64.Build.0 = Release|x64
		{A9100E3C-D19A-4926-A1AB-734BC84DB4D1}.Debug|Any CPU.ActiveCfg = Debug|Win32
		{A9100E3C-D19A-4926-A1AB-734BC84DB4D1}.Debug|Mixed Platforms.ActiveCfg = Debug|Win32
		{A9100E3C-D19A-4926-A1AB-734BC84DB4D1}.Debug|Mixed Platforms.Build.0 = Debug|Win32
		{A9100E3C-D19A-4926-A1AB-734BC84DB4D1}.Debug|Win32.ActiveCfg = Debug|Win32
		{A9100E3C-D19A-4926-A1AB-734BC84DB4D1}.Debug|Win32.Build.0 = Debug|Win32
		{A9100E3C-D19A-4926-A1AB-734BC84DB4D1}.Debug|x64.ActiveCfg = Debug|x64
		{A9100E3C-D19A-4926-A1AB-734BC84DB4D1}.Debug|x64.Build.0 = Debug|x64
		{A9100E3C-D19A-4926-A1AB-734BC84DB4D1}.Release|Any CPU.ActiveCfg = Release|Win32
		{A9100E3C-D19A-4926-A1AB-734BC84DB4D1}.Release|Mixed Platforms.ActiveCfg = Release|Win32
		{A9100E3C-D19A-4926-A1AB-734BC84DB4D1}.Release|Mixed Platforms.Build.0 = Release|Win32
		{A9100E3C-D19A-4926-A1AB-734BC84DB4D1}.Release|Win32.ActiveCfg = Release|Win32
		{A9100E3C-D19A-4926-A1AB-734BC84DB4D1}.Release|Win32.Build.0 = Release|Win32
		{A9100E3C-D19A-4926-A1AB-734BC84DB4D1}.Release|x64.ActiveCfg = Release|x64
		{A9100E3C-D19A-4926-A1AB-734BC84DB4D1}.Release|x64.Build.0 = Release|x64
		{4FF54461-D241-458E-83B4-AAF57448A186}.Debug|Any CPU.ActiveCfg = Debug|Win32
		{4FF54461-D241-458E-83B4-AAF57448A186}.Debug|Mixed Platforms.ActiveCfg = Debug|Win32
		{4FF54461-D241-458E-83B4-AAF57448A186}.Debug|Mixed Platforms.Build.0 = Debug|Win32
		{4FF54461-D241-458E-83B4-AAF57448A186}.Debug|Win32.ActiveCfg = Debug|Win32
		{4FF54461-D241-458E-83B4-AAF57448A186}.Debug|Win32.Build.0 = Debug|Win32
		{4FF54461-D241-458E-83B4-AAF57448A186}.Debug|x64.ActiveCfg = Debug|x64
		{4FF54461-D241-458E-83B4-AAF57448A186}.Debug|x64.Build.0 = Debug|x64
		{4FF54461-D241-458E-83B4-AAF57448A186}.Release|Any CPU.ActiveCfg = Release|Win32
		{4FF54461-D241-458E-83B4-AAF57448A186}.Release|Mixed Platforms.ActiveCfg = Release|Win32
		{4FF54461-D241-458E-83B4-AAF57448A186}.Release|Mixed Platforms.Build.0 = Release|Win32
		{4FF54461-D241-458E-83B4-AAF57448A186}.Release|Win32.ActiveCfg = Release|Win32
		{4FF54461-D241-458E-83B4-AAF57448A186}.Release|Win32.Build.0 = Release|Win32
		{4FF54461-D241-458E-83B4-AAF57448A186}.Release|x64.ActiveCfg = Release|x64
		{4FF54461-D241-458E-83B4-AAF57448A186}.Release|x64.Build.0 = Release|x64
	EndGlobalSection
	GlobalSection(SolutionProperties) = preSolution
		HideSolutionNode = FALSE
	EndGlobalSection
	GlobalSection(NestedProjects) = preSolution
		{25653E6A-DDEE-40D8-9EAB-F21D59B7AB47} = {51F1529C-BC45-4272-91E1-5146BA614533}
		{A9100E3C-D19A-4926-A1AB-734BC84DB4D1} = {51F1529C-BC45-4272-91E1-5146BA614533}
	EndGlobalSection
	GlobalSection(ExtensibilityGlobals) = postSolution
		SolutionGuid = {CC34D2C8-13B4-4518-BDD7-045FE910BC30}
	EndGlobalSection
EndGlobal
